{
  "version": 4,
  "terraform_version": "1.6.4",
  "serial": 22,
  "lineage": "6618d2f4-a877-d65b-4cca-9cbcd1b10eab",
  "outputs": {},
  "resources": [
    {
      "mode": "managed",
      "type": "github_repository",
      "name": "mon_repo",
      "provider": "provider[\"registry.terraform.io/hashicorp/github\"]",
      "instances": [
        {
          "schema_version": 1,
          "attributes": {
            "allow_auto_merge": false,
            "allow_merge_commit": true,
            "allow_rebase_merge": true,
            "allow_squash_merge": true,
            "allow_update_branch": false,
            "archive_on_destroy": null,
            "archived": false,
            "auto_init": null,
            "default_branch": "main",
            "delete_branch_on_merge": false,
            "description": "Créé avec Terraform",
            "etag": "W/\"bf94bd52b706535d830f36aaa3067729c48f2f8e333f2fe26812cb7a39f5e68c\"",
            "full_name": "KonaraChamu/sssd",
            "git_clone_url": "git://github.com/KonaraChamu/sssd.git",
            "gitignore_template": null,
            "has_discussions": false,
            "has_downloads": false,
            "has_issues": false,
            "has_projects": false,
            "has_wiki": false,
            "homepage_url": "",
            "html_url": "https://github.com/KonaraChamu/sssd",
            "http_clone_url": "https://github.com/KonaraChamu/sssd.git",
            "id": "sssd",
            "ignore_vulnerability_alerts_during_read": null,
            "is_template": false,
            "license_template": null,
            "merge_commit_message": "PR_TITLE",
            "merge_commit_title": "MERGE_MESSAGE",
            "name": "sssd",
            "node_id": "R_kgDOKz7K3A",
            "pages": [],
            "primary_language": "",
            "private": false,
            "repo_id": 725535452,
            "security_and_analysis": [
              {
                "advanced_security": [],
                "secret_scanning": [
                  {
                    "status": "disabled"
                  }
                ],
                "secret_scanning_push_protection": [
                  {
                    "status": "disabled"
                  }
                ]
              }
            ],
            "squash_merge_commit_message": "COMMIT_MESSAGES",
            "squash_merge_commit_title": "COMMIT_OR_PR_TITLE",
            "ssh_clone_url": "git@github.com:KonaraChamu/sssd.git",
            "svn_url": "https://github.com/KonaraChamu/sssd",
            "template": [],
            "topics": [],
            "visibility": "public",
            "vulnerability_alerts": false
          },
          "sensitive_attributes": [],
          "private": "eyJzY2hlbWFfdmVyc2lvbiI6IjEifQ=="
        }
      ]
    }
  ],
  "check_results": null
}
